
Microsoft Visual Studio Solution File, Format Version 11.00
# Visual Studio 2010
Project("{FAE04EC0-301F-11D3-BF4B-00C04F79EFBC}") = "TowerDefencepacito", "Assembly-CSharp.csproj", "{A59CE48C-C238-C1C6-490A-F729AFCB70F5}"
EndProject
Project("{FAE04EC0-301F-11D3-BF4B-00C04F79EFBC}") = "TowerDefencepacito", "Assembly-CSharp-Editor.csproj", "{4DE36EBD-2864-367C-21AE-D143FE824632}"
EndProject
Global
	GlobalSection(SolutionConfigurationPlatforms) = preSolution
		Debug|Any CPU = Debug|Any CPU
		Release|Any CPU = Release|Any CPU
	EndGlobalSection
	GlobalSection(ProjectConfigurationPlatforms) = postSolution
		{A59CE48C-C238-C1C6-490A-F729AFCB70F5}.Debug|Any CPU.ActiveCfg = Debug|Any CPU
		{A59CE48C-C238-C1C6-490A-F729AFCB70F5}.Debug|Any CPU.Build.0 = Debug|Any CPU
		{A59CE48C-C238-C1C6-490A-F729AFCB70F5}.Release|Any CPU.ActiveCfg = Release|Any CPU
		{A59CE48C-C238-C1C6-490A-F729AFCB70F5}.Release|Any CPU.Build.0 = Release|Any CPU
		{4DE36EBD-2864-367C-21AE-D143FE824632}.Debug|Any CPU.ActiveCfg = Debug|Any CPU
		{4DE36EBD-2864-367C-21AE-D143FE824632}.Debug|Any CPU.Build.0 = Debug|Any CPU
		{4DE36EBD-2864-367C-21AE-D143FE824632}.Release|Any CPU.ActiveCfg = Release|Any CPU
		{4DE36EBD-2864-367C-21AE-D143FE824632}.Release|Any CPU.Build.0 = Release|Any CPU
	EndGlobalSection
	GlobalSection(SolutionProperties) = preSolution
		HideSolutionNode = FALSE
	EndGlobalSection
	GlobalSection(MonoDevelopProperties) = preSolution
		StartupItem = Assembly-CSharp.csproj
	EndGlobalSection
EndGlobal
